
Microsoft Visual Studio Solution File, Format Version 12.00
# Visual Studio Version 17
VisualStudioVersion = 17.6.33801.468
MinimumVisualStudioVersion = 10.0.40219.1
Project("{9A19103F-16F7-4668-BE54-9A1E7A4F7556}") = "SeriLogging", "SeriLogging.csproj", "{2A3B07F0-D091-41AE-9491-DA55CE72375A}"
EndProject
Project("{9A19103F-16F7-4668-BE54-9A1E7A4F7556}") = "MappingObjects.Models", "..\MappingObjects.Models\MappingObjects.Models.csproj", "{D67D4969-1ECD-4E03-8979-C7CEDD6EE3C7}"
EndProject
Project("{FAE04EC0-301F-11D3-BF4B-00C04F79EFBC}") = "GeneratingPdf.Models", "..\GeneratingPdf.Models\GeneratingPdf.Models.csproj", "{9283DC3B-3093-4215-B499-07C309CCAE96}"
EndProject
Project("{FAE04EC0-301F-11D3-BF4B-00C04F79EFBC}") = "GeneratingPdf.Document", "..\GeneratingPdf.Document\GeneratingPdf.Document.csproj", "{17831134-03BF-4123-B4F9-0BD3B333912B}"
EndProject
Project("{FAE04EC0-301F-11D3-BF4B-00C04F79EFBC}") = "GeneratingPdf.App", "..\GeneratingPdf.App\GeneratingPdf.App.csproj", "{3621FAC3-123E-4737-A23E-EBF947F37C4C}"
EndProject
Global
	GlobalSection(SolutionConfigurationPlatforms) = preSolution
		Debug|Any CPU = Debug|Any CPU
		Release|Any CPU = Release|Any CPU
	EndGlobalSection
	GlobalSection(ProjectConfigurationPlatforms) = postSolution
		{2A3B07F0-D091-41AE-9491-DA55CE72375A}.Debug|Any CPU.ActiveCfg = Debug|Any CPU
		{2A3B07F0-D091-41AE-9491-DA55CE72375A}.Debug|Any CPU.Build.0 = Debug|Any CPU
		{2A3B07F0-D091-41AE-9491-DA55CE72375A}.Release|Any CPU.ActiveCfg = Release|Any CPU
		{2A3B07F0-D091-41AE-9491-DA55CE72375A}.Release|Any CPU.Build.0 = Release|Any CPU
		{D67D4969-1ECD-4E03-8979-C7CEDD6EE3C7}.Debug|Any CPU.ActiveCfg = Debug|Any CPU
		{D67D4969-1ECD-4E03-8979-C7CEDD6EE3C7}.Debug|Any CPU.Build.0 = Debug|Any CPU
		{D67D4969-1ECD-4E03-8979-C7CEDD6EE3C7}.Release|Any CPU.ActiveCfg = Release|Any CPU
		{D67D4969-1ECD-4E03-8979-C7CEDD6EE3C7}.Release|Any CPU.Build.0 = Release|Any CPU
		{9283DC3B-3093-4215-B499-07C309CCAE96}.Debug|Any CPU.ActiveCfg = Debug|Any CPU
		{9283DC3B-3093-4215-B499-07C309CCAE96}.Debug|Any CPU.Build.0 = Debug|Any CPU
		{9283DC3B-3093-4215-B499-07C309CCAE96}.Release|Any CPU.ActiveCfg = Release|Any CPU
		{9283DC3B-3093-4215-B499-07C309CCAE96}.Release|Any CPU.Build.0 = Release|Any CPU
		{17831134-03BF-4123-B4F9-0BD3B333912B}.Debug|Any CPU.ActiveCfg = Debug|Any CPU
		{17831134-03BF-4123-B4F9-0BD3B333912B}.Debug|Any CPU.Build.0 = Debug|Any CPU
		{17831134-03BF-4123-B4F9-0BD3B333912B}.Release|Any CPU.ActiveCfg = Release|Any CPU
		{17831134-03BF-4123-B4F9-0BD3B333912B}.Release|Any CPU.Build.0 = Release|Any CPU
		{3621FAC3-123E-4737-A23E-EBF947F37C4C}.Debug|Any CPU.ActiveCfg = Debug|Any CPU
		{3621FAC3-123E-4737-A23E-EBF947F37C4C}.Debug|Any CPU.Build.0 = Debug|Any CPU
		{3621FAC3-123E-4737-A23E-EBF947F37C4C}.Release|Any CPU.ActiveCfg = Release|Any CPU
		{3621FAC3-123E-4737-A23E-EBF947F37C4C}.Release|Any CPU.Build.0 = Release|Any CPU
	EndGlobalSection
	GlobalSection(SolutionProperties) = preSolution
		HideSolutionNode = FALSE
	EndGlobalSection
	GlobalSection(ExtensibilityGlobals) = postSolution
		SolutionGuid = {FD1525B8-D3A1-49BD-AF57-FEEA7915F343}
	EndGlobalSection
EndGlobal
